// !$*UTF8*$!
{
	archiveVersion = 1;
	classes = {
	};
	objectVersion = 56;
	objects = {

/* Begin PBXBuildFile section */
		7E8270912AFE4F3B008D10FA /* AppDelegate.swift in Sources */ = {isa = PBXBuildFile; fileRef = 7E8270902AFE4F3B008D10FA /* AppDelegate.swift */; };
		7E8270932AFE4F3B008D10FA /* SceneDelegate.swift in Sources */ = {isa = PBXBuildFile; fileRef = 7E8270922AFE4F3B008D10FA /* SceneDelegate.swift */; };
		7E8270952AFE4F3B008D10FA /* ViewController.swift in Sources */ = {isa = PBXBuildFile; fileRef = 7E8270942AFE4F3B008D10FA /* ViewController.swift */; };
		7E8270982AFE4F3B008D10FA /* Main.storyboard in Resources */ = {isa = PBXBuildFile; fileRef = 7E8270962AFE4F3B008D10FA /* Main.storyboard */; };
		7E82709A2AFE4F3D008D10FA /* Assets.xcassets in Resources */ = {isa = PBXBuildFile; fileRef = 7E8270992AFE4F3D008D10FA /* Assets.xcassets */; };
		7E82709D2AFE4F3D008D10FA /* LaunchScreen.storyboard in Resources */ = {isa = PBXBuildFile; fileRef = 7E82709B2AFE4F3D008D10FA /* LaunchScreen.storyboard */; };
		7E8270A82AFE4F3D008D10FA /* GitHubRepositoriesTests.swift in Sources */ = {isa = PBXBuildFile; fileRef = 7E8270A72AFE4F3D008D10FA /* GitHubRepositoriesTests.swift */; };
		7E8270B22AFE4F3D008D10FA /* GitHubRepositoriesUITests.swift in Sources */ = {isa = PBXBuildFile; fileRef = 7E8270B12AFE4F3D008D10FA /* GitHubRepositoriesUITests.swift */; };
		7E8270B42AFE4F3D008D10FA /* GitHubRepositoriesUITestsLaunchTests.swift in Sources */ = {isa = PBXBuildFile; fileRef = 7E8270B32AFE4F3D008D10FA /* GitHubRepositoriesUITestsLaunchTests.swift */; };
/* End PBXBuildFile section */

/* Begin PBXContainerItemProxy section */
		7E8270A42AFE4F3D008D10FA /* PBXContainerItemProxy */ = {
			isa = PBXContainerItemProxy;
			containerPortal = 7E8270852AFE4F3B008D10FA /* Project object */;
			proxyType = 1;
			remoteGlobalIDString = 7E82708C2AFE4F3B008D10FA;
			remoteInfo = GitHubRepositories;
		};
		7E8270AE2AFE4F3D008D10FA /* PBXContainerItemProxy */ = {
			isa = PBXContainerItemProxy;
			containerPortal = 7E8270852AFE4F3B008D10FA /* Project object */;
			proxyType = 1;
			remoteGlobalIDString = 7E82708C2AFE4F3B008D10FA;
			remoteInfo = GitHubRepositories;
		};
/* End PBXContainerItemProxy section */

/* Begin PBXFileReference section */
		7E82708D2AFE4F3B008D10FA /* GitHubRepositories.app */ = {isa = PBXFileReference; explicitFileType = wrapper.application; includeInIndex = 0; path = GitHubRepositories.app; sourceTree = BUILT_PRODUCTS_DIR; };
		7E8270902AFE4F3B008D10FA /* AppDelegate.swift */ = {isa = PBXFileReference; lastKnownFileType = sourcecode.swift; path = AppDelegate.swift; sourceTree = "<group>"; };
		7E8270922AFE4F3B008D10FA /* SceneDelegate.swift */ = {isa = PBXFileReference; lastKnownFileType = sourcecode.swift; path = SceneDelegate.swift; sourceTree = "<group>"; };
		7E8270942AFE4F3B008D10FA /* ViewController.swift */ = {isa = PBXFileReference; lastKnownFileType = sourcecode.swift; path = ViewController.swift; sourceTree = "<group>"; };
		7E8270972AFE4F3B008D10FA /* Base */ = {isa = PBXFileReference; lastKnownFileType = file.storyboard; name = Base; path = Base.lproj/Main.storyboard; sourceTree = "<group>"; };
		7E8270992AFE4F3D008D10FA /* Assets.xcassets */ = {isa = PBXFileReference; lastKnownFileType = folder.assetcatalog; path = Assets.xcassets; sourceTree = "<group>"; };
		7E82709C2AFE4F3D008D10FA /* Base */ = {isa = PBXFileReference; lastKnownFileType = file.storyboard; name = Base; path = Base.lproj/LaunchScreen.storyboard; sourceTree = "<group>"; };
		7E82709E2AFE4F3D008D10FA /* Info.plist */ = {isa = PBXFileReference; lastKnownFileType = text.plist.xml; path = Info.plist; sourceTree = "<group>"; };
		7E8270A32AFE4F3D008D10FA /* GitHubRepositoriesTests.xctest */ = {isa = PBXFileReference; explicitFileType = wrapper.cfbundle; includeInIndex = 0; path = GitHubRepositoriesTests.xctest; sourceTree = BUILT_PRODUCTS_DIR; };
		7E8270A72AFE4F3D008D10FA /* GitHubRepositoriesTests.swift */ = {isa = PBXFileReference; lastKnownFileType = sourcecode.swift; path = GitHubRepositoriesTests.swift; sourceTree = "<group>"; };
		7E8270AD2AFE4F3D008D10FA /* GitHubRepositoriesUITests.xctest */ = {isa = PBXFileReference; explicitFileType = wrapper.cfbundle; includeInIndex = 0; path = GitHubRepositoriesUITests.xctest; sourceTree = BUILT_PRODUCTS_DIR; };
		7E8270B12AFE4F3D008D10FA /* GitHubRepositoriesUITests.swift */ = {isa = PBXFileReference; lastKnownFileType = sourcecode.swift; path = GitHubRepositoriesUITests.swift; sourceTree = "<group>"; };
		7E8270B32AFE4F3D008D10FA /* GitHubRepositoriesUITestsLaunchTests.swift */ = {isa = PBXFileReference; lastKnownFileType = sourcecode.swift; path = GitHubRepositoriesUITestsLaunchTests.swift; sourceTree = "<group>"; };
/* End PBXFileReference section */

/* Begin PBXFrameworksBuildPhase section */
		7E82708A2AFE4F3B008D10FA /* Frameworks */ = {
			isa = PBXFrameworksBuildPhase;
			buildActionMask = 2147483647;
			files = (
			);
			runOnlyForDeploymentPostprocessing = 0;
		};
		7E8270A02AFE4F3D008D10FA /* Frameworks */ = {
			isa = PBXFrameworksBuildPhase;
			buildActionMask = 2147483647;
			files = (
			);
			runOnlyForDeploymentPostprocessing = 0;
		};
		7E8270AA2AFE4F3D008D10FA /* Frameworks */ = {
			isa = PBXFrameworksBuildPhase;
			buildActionMask = 2147483647;
			files = (
			);
			runOnlyForDeploymentPostprocessing = 0;
		};
/* End PBXFrameworksBuildPhase section */

/* Begin PBXGroup section */
		7E8270842AFE4F3B008D10FA = {
			isa = PBXGroup;
			children = (
				7E82708F2AFE4F3B008D10FA /* GitHubRepositories */,
				7E8270A62AFE4F3D008D10FA /* GitHubRepositoriesTests */,
				7E8270B02AFE4F3D008D10FA /* GitHubRepositoriesUITests */,
				7E82708E2AFE4F3B008D10FA /* Products */,
			);
			sourceTree = "<group>";
		};
		7E82708E2AFE4F3B008D10FA /* Products */ = {
			isa = PBXGroup;
			children = (
				7E82708D2AFE4F3B008D10FA /* GitHubRepositories.app */,
				7E8270A32AFE4F3D008D10FA /* GitHubRepositoriesTests.xctest */,
				7E8270AD2AFE4F3D008D10FA /* GitHubRepositoriesUITests.xctest */,
			);
			name = Products;
			sourceTree = "<group>";
		};
		7E82708F2AFE4F3B008D10FA /* GitHubRepositories */ = {
			isa = PBXGroup;
			children = (
				7E8270902AFE4F3B008D10FA /* AppDelegate.swift */,
				7E8270922AFE4F3B008D10FA /* SceneDelegate.swift */,
				7E8270942AFE4F3B008D10FA /* ViewController.swift */,
				7E8270962AFE4F3B008D10FA /* Main.storyboard */,
				7E8270992AFE4F3D008D10FA /* Assets.xcassets */,
				7E82709B2AFE4F3D008D10FA /* LaunchScreen.storyboard */,
				7E82709E2AFE4F3D008D10FA /* Info.plist */,
			);
			path = GitHubRepositories;
			sourceTree = "<group>";
		};
		7E8270A62AFE4F3D008D10FA /* GitHubRepositoriesTests */ = {
			isa = PBXGroup;
			children = (
				7E8270A72AFE4F3D008D10FA /* GitHubRepositoriesTests.swift */,
			);
			path = GitHubRepositoriesTests;
			sourceTree = "<group>";
		};
		7E8270B02AFE4F3D008D10FA /* GitHubRepositoriesUITests */ = {
			isa = PBXGroup;
			children = (
				7E8270B12AFE4F3D008D10FA /* GitHubRepositoriesUITests.swift */,
				7E8270B32AFE4F3D008D10FA /* GitHubRepositoriesUITestsLaunchTests.swift */,
			);
			path = GitHubRepositoriesUITests;
			sourceTree = "<group>";
		};
/* End PBXGroup section */

/* Begin PBXNativeTarget section */
		7E82708C2AFE4F3B008D10FA /* GitHubRepositories */ = {
			isa = PBXNativeTarget;
			buildConfigurationList = 7E8270B72AFE4F3D008D10FA /* Build configuration list for PBXNativeTarget "GitHubRepositories" */;
			buildPhases = (
				7E8270892AFE4F3B008D10FA /* Sources */,
				7E82708A2AFE4F3B008D10FA /* Frameworks */,
				7E82708B2AFE4F3B008D10FA /* Resources */,
			);
			buildRules = (
			);
			dependencies = (
			);
			name = GitHubRepositories;
			productName = GitHubRepositories;
			productReference = 7E82708D2AFE4F3B008D10FA /* GitHubRepositories.app */;
			productType = "com.apple.product-type.application";
		};
		7E8270A22AFE4F3D008D10FA /* GitHubRepositoriesTests */ = {
			isa = PBXNativeTarget;
			buildConfigurationList = 7E8270BA2AFE4F3D008D10FA /* Build configuration list for PBXNativeTarget "GitHubRepositoriesTests" */;
			buildPhases = (
				7E82709F2AFE4F3D008D10FA /* Sources */,
				7E8270A02AFE4F3D008D10FA /* Frameworks */,
				7E8270A12AFE4F3D008D10FA /* Resources */,
			);
			buildRules = (
			);
			dependencies = (
				7E8270A52AFE4F3D008D10FA /* PBXTargetDependency */,
			);
			name = GitHubRepositoriesTests;
			productName = GitHubRepositoriesTests;
			productReference = 7E8270A32AFE4F3D008D10FA /* GitHubRepositoriesTests.xctest */;
			productType = "com.apple.product-type.bundle.unit-test";
		};
		7E8270AC2AFE4F3D008D10FA /* GitHubRepositoriesUITests */ = {
			isa = PBXNativeTarget;
			buildConfigurationList = 7E8270BD2AFE4F3D008D10FA /* Build configuration list for PBXNativeTarget "GitHubRepositoriesUITests" */;
			buildPhases = (
				7E8270A92AFE4F3D008D10FA /* Sources */,
				7E8270AA2AFE4F3D008D10FA /* Frameworks */,
				7E8270AB2AFE4F3D008D10FA /* Resources */,
			);
			buildRules = (
			);
			dependencies = (
				7E8270AF2AFE4F3D008D10FA /* PBXTargetDependency */,
			);
			name = GitHubRepositoriesUITests;
			productName = GitHubRepositoriesUITests;
			productReference = 7E8270AD2AFE4F3D008D10FA /* GitHubRepositoriesUITests.xctest */;
			productType = "com.apple.product-type.bundle.ui-testing";
		};
/* End PBXNativeTarget section */

/* Begin PBXProject section */
		7E8270852AFE4F3B008D10FA /* Project object */ = {
			isa = PBXProject;
			attributes = {
				BuildIndependentTargetsInParallel = 1;
				LastSwiftUpdateCheck = 1500;
				LastUpgradeCheck = 1500;
				TargetAttributes = {
					7E82708C2AFE4F3B008D10FA = {
						CreatedOnToolsVersion = 15.0.1;
					};
					7E8270A22AFE4F3D008D10FA = {
						CreatedOnToolsVersion = 15.0.1;
						TestTargetID = 7E82708C2AFE4F3B008D10FA;
					};
					7E8270AC2AFE4F3D008D10FA = {
						CreatedOnToolsVersion = 15.0.1;
						TestTargetID = 7E82708C2AFE4F3B008D10FA;
					};
				};
			};
			buildConfigurationList = 7E8270882AFE4F3B008D10FA /* Build configuration list for PBXProject "GitHubRepositories" */;
			compatibilityVersion = "Xcode 14.0";
			developmentRegion = en;
			hasScannedForEncodings = 0;
			knownRegions = (
				en,
				Base,
			);
			mainGroup = 7E8270842AFE4F3B008D10FA;
			productRefGroup = 7E82708E2AFE4F3B008D10FA /* Products */;
			projectDirPath = "";
			projectRoot = "";
			targets = (
				7E82708C2AFE4F3B008D10FA /* GitHubRepositories */,
				7E8270A22AFE4F3D008D10FA /* GitHubRepositoriesTests */,
				7E8270AC2AFE4F3D008D10FA /* GitHubRepositoriesUITests */,
			);
		};
/* End PBXProject section */

/* Begin PBXResourcesBuildPhase section */
		7E82708B2AFE4F3B008D10FA /* Resources */ = {
			isa = PBXResourcesBuildPhase;
			buildActionMask = 2147483647;
			files = (
				7E82709D2AFE4F3D008D10FA /* LaunchScreen.storyboard in Resources */,
				7E82709A2AFE4F3D008D10FA /* Assets.xcassets in Resources */,
				7E8270982AFE4F3B008D10FA /* Main.storyboard in Resources */,
			);
			runOnlyForDeploymentPostprocessing = 0;
		};
		7E8270A12AFE4F3D008D10FA /* Resources */ = {
			isa = PBXResourcesBuildPhase;
			buildActionMask = 2147483647;
			files = (
			);
			runOnlyForDeploymentPostprocessing = 0;
		};
		7E8270AB2AFE4F3D008D10FA /* Resources */ = {
			isa = PBXResourcesBuildPhase;
			buildActionMask = 2147483647;
			files = (
			);
			runOnlyForDeploymentPostprocessing = 0;
		};
/* End PBXResourcesBuildPhase section */

/* Begin PBXSourcesBuildPhase section */
		7E8270892AFE4F3B008D10FA /* Sources */ = {
			isa = PBXSourcesBuildPhase;
			buildActionMask = 2147483647;
			files = (
				7E8270952AFE4F3B008D10FA /* ViewController.swift in Sources */,
				7E8270912AFE4F3B008D10FA /* AppDelegate.swift in Sources */,
				7E8270932AFE4F3B008D10FA /* SceneDelegate.swift in Sources */,
			);
			runOnlyForDeploymentPostprocessing = 0;
		};
		7E82709F2AFE4F3D008D10FA /* Sources */ = {
			isa = PBXSourcesBuildPhase;
			buildActionMask = 2147483647;
			files = (
				7E8270A82AFE4F3D008D10FA /* GitHubRepositoriesTests.swift in Sources */,
			);
			runOnlyForDeploymentPostprocessing = 0;
		};
		7E8270A92AFE4F3D008D10FA /* Sources */ = {
			isa = PBXSourcesBuildPhase;
			buildActionMask = 2147483647;
			files = (
				7E8270B22AFE4F3D008D10FA /* GitHubRepositoriesUITests.swift in Sources */,
				7E8270B42AFE4F3D008D10FA /* GitHubRepositoriesUITestsLaunchTests.swift in Sources */,
			);
			runOnlyForDeploymentPostprocessing = 0;
		};
/* End PBXSourcesBuildPhase section */

/* Begin PBXTargetDependency section */
		7E8270A52AFE4F3D008D10FA /* PBXTargetDependency */ = {
			isa = PBXTargetDependency;
			target = 7E82708C2AFE4F3B008D10FA /* GitHubRepositories */;
			targetProxy = 7E8270A42AFE4F3D008D10FA /* PBXContainerItemProxy */;
		};
		7E8270AF2AFE4F3D008D10FA /* PBXTargetDependency */ = {
			isa = PBXTargetDependency;
			target = 7E82708C2AFE4F3B008D10FA /* GitHubRepositories */;
			targetProxy = 7E8270AE2AFE4F3D008D10FA /* PBXContainerItemProxy */;
		};
/* End PBXTargetDependency section */

/* Begin PBXVariantGroup section */
		7E8270962AFE4F3B008D10FA /* Main.storyboard */ = {
			isa = PBXVariantGroup;
			children = (
				7E8270972AFE4F3B008D10FA /* Base */,
			);
			name = Main.storyboard;
			sourceTree = "<group>";
		};
		7E82709B2AFE4F3D008D10FA /* LaunchScreen.storyboard */ = {
			isa = PBXVariantGroup;
			children = (
				7E82709C2AFE4F3D008D10FA /* Base */,
			);
			name = LaunchScreen.storyboard;
			sourceTree = "<group>";
		};
/* End PBXVariantGroup section */

/* Begin XCBuildConfiguration section */
		7E8270B52AFE4F3D008D10FA /* Debug */ = {
			isa = XCBuildConfiguration;
			buildSettings = {
				ALWAYS_SEARCH_USER_PATHS = NO;
				ASSETCATALOG_COMPILER_GENERATE_SWIFT_ASSET_SYMBOL_EXTENSIONS = YES;
				CLANG_ANALYZER_NONNULL = YES;
				CLANG_ANALYZER_NUMBER_OBJECT_CONVERSION = YES_AGGRESSIVE;
				CLANG_CXX_LANGUAGE_STANDARD = "gnu++20";
				CLANG_ENABLE_MODULES = YES;
				CLANG_ENABLE_OBJC_ARC = YES;
				CLANG_ENABLE_OBJC_WEAK = YES;
				CLANG_WARN_BLOCK_CAPTURE_AUTORELEASING = YES;
				CLANG_WARN_BOOL_CONVERSION = YES;
				CLANG_WARN_COMMA = YES;
				CLANG_WARN_CONSTANT_CONVERSION = YES;
				CLANG_WARN_DEPRECATED_OBJC_IMPLEMENTATIONS = YES;
				CLANG_WARN_DIRECT_OBJC_ISA_USAGE = YES_ERROR;
				CLANG_WARN_DOCUMENTATION_COMMENTS = YES;
				CLANG_WARN_EMPTY_BODY = YES;
				CLANG_WARN_ENUM_CONVERSION = YES;
				CLANG_WARN_INFINITE_RECURSION = YES;
				CLANG_WARN_INT_CONVERSION = YES;
				CLANG_WARN_NON_LITERAL_NULL_CONVERSION = YES;
				CLANG_WARN_OBJC_IMPLICIT_RETAIN_SELF = YES;
				CLANG_WARN_OBJC_LITERAL_CONVERSION = YES;
				CLANG_WARN_OBJC_ROOT_CLASS = YES_ERROR;
				CLANG_WARN_QUOTED_INCLUDE_IN_FRAMEWORK_HEADER = YES;
				CLANG_WARN_RANGE_LOOP_ANALYSIS = YES;
				CLANG_WARN_STRICT_PROTOTYPES = YES;
				CLANG_WARN_SUSPICIOUS_MOVE = YES;
				CLANG_WARN_UNGUARDED_AVAILABILITY = YES_AGGRESSIVE;
				CLANG_WARN_UNREACHABLE_CODE = YES;
				CLANG_WARN__DUPLICATE_METHOD_MATCH = YES;
				COPY_PHASE_STRIP = NO;
				DEBUG_INFORMATION_FORMAT = dwarf;
				ENABLE_STRICT_OBJC_MSGSEND = YES;
				ENABLE_TESTABILITY = YES;
				ENABLE_USER_SCRIPT_SANDBOXING = YES;
				GCC_C_LANGUAGE_STANDARD = gnu17;
				GCC_DYNAMIC_NO_PIC = NO;
				GCC_NO_COMMON_BLOCKS = YES;
				GCC_OPTIMIZATION_LEVEL = 0;
				GCC_PREPROCESSOR_DEFINITIONS = (
					"DEBUG=1",
					"$(inherited)",
				);
				GCC_WARN_64_TO_32_BIT_CONVERSION = YES;
				GCC_WARN_ABOUT_RETURN_TYPE = YES_ERROR;
				GCC_WARN_UNDECLARED_SELECTOR = YES;
				GCC_WARN_UNINITIALIZED_AUTOS = YES_AGGRESSIVE;
				GCC_WARN_UNUSED_FUNCTION = YES;
				GCC_WARN_UNUSED_VARIABLE = YES;
				IPHONEOS_DEPLOYMENT_TARGET = 17.0;
				LOCALIZATION_PREFERS_STRING_CATALOGS = YES;
				MTL_ENABLE_DEBUG_INFO = INCLUDE_SOURCE;
				MTL_FAST_MATH = YES;
				ONLY_ACTIVE_ARCH = YES;
				SDKROOT = iphoneos;
				SWIFT_ACTIVE_COMPILATION_CONDITIONS = "DEBUG $(inherited)";
				SWIFT_OPTIMIZATION_LEVEL = "-Onone";
			};
			name = Debug;
		};
		7E8270B62AFE4F3D008D10FA /* Release */ = {
			isa = XCBuildConfiguration;
			buildSettings = {
				ALWAYS_SEARCH_USER_PATHS = NO;
				ASSETCATALOG_COMPILER_GENERATE_SWIFT_ASSET_SYMBOL_EXTENSIONS = YES;
				CLANG_ANALYZER_NONNULL = YES;
				CLANG_ANALYZER_NUMBER_OBJECT_CONVERSION = YES_AGGRESSIVE;
				CLANG_CXX_LANGUAGE_STANDARD = "gnu++20";
				CLANG_ENABLE_MODULES = YES;
				CLANG_ENABLE_OBJC_ARC = YES;
				CLANG_ENABLE_OBJC_WEAK = YES;
				CLANG_WARN_BLOCK_CAPTURE_AUTORELEASING = YES;
				CLANG_WARN_BOOL_CONVERSION = YES;
				CLANG_WARN_COMMA = YES;
				CLANG_WARN_CONSTANT_CONVERSION = YES;
				CLANG_WARN_DEPRECATED_OBJC_IMPLEMENTATIONS = YES;
				CLANG_WARN_DIRECT_OBJC_ISA_USAGE = YES_ERROR;
				CLANG_WARN_DOCUMENTATION_COMMENTS = YES;
				CLANG_WARN_EMPTY_BODY = YES;
				CLANG_WARN_ENUM_CONVERSION = YES;
				CLANG_WARN_INFINITE_RECURSION = YES;
				CLANG_WARN_INT_CONVERSION = YES;
				CLANG_WARN_NON_LITERAL_NULL_CONVERSION = YES;
				CLANG_WARN_OBJC_IMPLICIT_RETAIN_SELF = YES;
				CLANG_WARN_OBJC_LITERAL_CONVERSION = YES;
				CLANG_WARN_OBJC_ROOT_CLASS = YES_ERROR;
				CLANG_WARN_QUOTED_INCLUDE_IN_FRAMEWORK_HEADER = YES;
				CLANG_WARN_RANGE_LOOP_ANALYSIS = YES;
				CLANG_WARN_STRICT_PROTOTYPES = YES;
				CLANG_WARN_SUSPICIOUS_MOVE = YES;
				CLANG_WARN_UNGUARDED_AVAILABILITY = YES_AGGRESSIVE;
				CLANG_WARN_UNREACHABLE_CODE = YES;
				CLANG_WARN__DUPLICATE_METHOD_MATCH = YES;
				COPY_PHASE_STRIP = NO;
				DEBUG_INFORMATION_FORMAT = "dwarf-with-dsym";
				ENABLE_NS_ASSERTIONS = NO;
				ENABLE_STRICT_OBJC_MSGSEND = YES;
				ENABLE_USER_SCRIPT_SANDBOXING = YES;
				GCC_C_LANGUAGE_STANDARD = gnu17;
				GCC_NO_COMMON_BLOCKS = YES;
				GCC_WARN_64_TO_32_BIT_CONVERSION = YES;
				GCC_WARN_ABOUT_RETURN_TYPE = YES_ERROR;
				GCC_WARN_UNDECLARED_SELECTOR = YES;
				GCC_WARN_UNINITIALIZED_AUTOS = YES_AGGRESSIVE;
				GCC_WARN_UNUSED_FUNCTION = YES;
				GCC_WARN_UNUSED_VARIABLE = YES;
				IPHONEOS_DEPLOYMENT_TARGET = 17.0;
				LOCALIZATION_PREFERS_STRING_CATALOGS = YES;
				MTL_ENABLE_DEBUG_INFO = NO;
				MTL_FAST_MATH = YES;
				SDKROOT = iphoneos;
				SWIFT_COMPILATION_MODE = wholemodule;
				VALIDATE_PRODUCT = YES;
			};
			name = Release;
		};
		7E8270B82AFE4F3D008D10FA /* Debug */ = {
			isa = XCBuildConfiguration;
			buildSettings = {
				ASSETCATALOG_COMPILER_APPICON_NAME = AppIcon;
				ASSETCATALOG_COMPILER_GLOBAL_ACCENT_COLOR_NAME = AccentColor;
				CODE_SIGN_STYLE = Automatic;
				CURRENT_PROJECT_VERSION = 1;
				DEVELOPMENT_TEAM = 76P85BXFRK;
				GENERATE_INFOPLIST_FILE = YES;
				INFOPLIST_FILE = GitHubRepositories/Info.plist;
				INFOPLIST_KEY_UIApplicationSupportsIndirectInputEvents = YES;
				INFOPLIST_KEY_UILaunchStoryboardName = LaunchScreen;
				INFOPLIST_KEY_UIMainStoryboardFile = Main;
				INFOPLIST_KEY_UISupportedInterfaceOrientations_iPad = "UIInterfaceOrientationPortrait UIInterfaceOrientationPortraitUpsideDown UIInterfaceOrientationLandscapeLeft UIInterfaceOrientationLandscapeRight";
				INFOPLIST_KEY_UISupportedInterfaceOrientations_iPhone = "UIInterfaceOrientationPortrait UIInterfaceOrientationLandscapeLeft UIInterfaceOrientationLandscapeRight";
				LD_RUNPATH_SEARCH_PATHS = (
					"$(inherited)",
					"@executable_path/Frameworks",
				);
				MARKETING_VERSION = 1.0;
				PRODUCT_BUNDLE_IDENTIFIER = com.itsalhussein.GitHubRepositories;
				PRODUCT_NAME = "$(TARGET_NAME)";
				SWIFT_EMIT_LOC_STRINGS = YES;
				SWIFT_VERSION = 5.0;
				TARGETED_DEVICE_FAMILY = "1,2";
			};
			name = Debug;
		};
		7E8270B92AFE4F3D008D10FA /* Release */ = {
			isa = XCBuildConfiguration;
			buildSettings = {
				ASSETCATALOG_COMPILER_APPICON_NAME = AppIcon;
				ASSETCATALOG_COMPILER_GLOBAL_ACCENT_COLOR_NAME = AccentColor;
				CODE_SIGN_STYLE = Automatic;
				CURRENT_PROJECT_VERSION = 1;
				DEVELOPMENT_TEAM = 76P85BXFRK;
				GENERATE_INFOPLIST_FILE = YES;
				INFOPLIST_FILE = GitHubRepositories/Info.plist;
				INFOPLIST_KEY_UIApplicationSupportsIndirectInputEvents = YES;
				INFOPLIST_KEY_UILaunchStoryboardName = LaunchScreen;
				INFOPLIST_KEY_UIMainStoryboardFile = Main;
				INFOPLIST_KEY_UISupportedInterfaceOrientations_iPad = "UIInterfaceOrientationPortrait UIInterfaceOrientationPortraitUpsideDown UIInterfaceOrientationLandscapeLeft UIInterfaceOrientationLandscapeRight";
				INFOPLIST_KEY_UISupportedInterfaceOrientations_iPhone = "UIInterfaceOrientationPortrait UIInterfaceOrientationLandscapeLeft UIInterfaceOrientationLandscapeRight";
				LD_RUNPATH_SEARCH_PATHS = (
					"$(inherited)",
					"@executable_path/Frameworks",
				);
				MARKETING_VERSION = 1.0;
				PRODUCT_BUNDLE_IDENTIFIER = com.itsalhussein.GitHubRepositories;
				PRODUCT_NAME = "$(TARGET_NAME)";
				SWIFT_EMIT_LOC_STRINGS = YES;
				SWIFT_VERSION = 5.0;
				TARGETED_DEVICE_FAMILY = "1,2";
			};
			name = Release;
		};
		7E8270BB2AFE4F3D008D10FA /* Debug */ = {
			isa = XCBuildConfiguration;
			buildSettings = {
				ALWAYS_EMBED_SWIFT_STANDARD_LIBRARIES = YES;
				BUNDLE_LOADER = "$(TEST_HOST)";
				CODE_SIGN_STYLE = Automatic;
				CURRENT_PROJECT_VERSION = 1;
				DEVELOPMENT_TEAM = 76P85BXFRK;
				GENERATE_INFOPLIST_FILE = YES;
				IPHONEOS_DEPLOYMENT_TARGET = 17.0;
				MARKETING_VERSION = 1.0;
				PRODUCT_BUNDLE_IDENTIFIER = com.itsalhussein.GitHubRepositoriesTests;
				PRODUCT_NAME = "$(TARGET_NAME)";
				SWIFT_EMIT_LOC_STRINGS = NO;
				SWIFT_VERSION = 5.0;
				TARGETED_DEVICE_FAMILY = "1,2";
				TEST_HOST = "$(BUILT_PRODUCTS_DIR)/GitHubRepositories.app/$(BUNDLE_EXECUTABLE_FOLDER_PATH)/GitHubRepositories";
			};
			name = Debug;
		};
		7E8270BC2AFE4F3D008D10FA /* Release */ = {
			isa = XCBuildConfiguration;
			buildSettings = {
				ALWAYS_EMBED_SWIFT_STANDARD_LIBRARIES = YES;
				BUNDLE_LOADER = "$(TEST_HOST)";
				CODE_SIGN_STYLE = Automatic;
				CURRENT_PROJECT_VERSION = 1;
				DEVELOPMENT_TEAM = 76P85BXFRK;
				GENERATE_INFOPLIST_FILE = YES;
				IPHONEOS_DEPLOYMENT_TARGET = 17.0;
				MARKETING_VERSION = 1.0;
				PRODUCT_BUNDLE_IDENTIFIER = com.itsalhussein.GitHubRepositoriesTests;
				PRODUCT_NAME = "$(TARGET_NAME)";
				SWIFT_EMIT_LOC_STRINGS = NO;
				SWIFT_VERSION = 5.0;
				TARGETED_DEVICE_FAMILY = "1,2";
				TEST_HOST = "$(BUILT_PRODUCTS_DIR)/GitHubRepositories.app/$(BUNDLE_EXECUTABLE_FOLDER_PATH)/GitHubRepositories";
			};
			name = Release;
		};
		7E8270BE2AFE4F3D008D10FA /* Debug */ = {
			isa = XCBuildConfiguration;
			buildSettings = {
				ALWAYS_EMBED_SWIFT_STANDARD_LIBRARIES = YES;
				CODE_SIGN_STYLE = Automatic;
				CURRENT_PROJECT_VERSION = 1;
				DEVELOPMENT_TEAM = 76P85BXFRK;
				GENERATE_INFOPLIST_FILE = YES;
				MARKETING_VERSION = 1.0;
				PRODUCT_BUNDLE_IDENTIFIER = com.itsalhussein.GitHubRepositoriesUITests;
				PRODUCT_NAME = "$(TARGET_NAME)";
				SWIFT_EMIT_LOC_STRINGS = NO;
				SWIFT_VERSION = 5.0;
				TARGETED_DEVICE_FAMILY = "1,2";
				TEST_TARGET_NAME = GitHubRepositories;
			};
			name = Debug;
		};
		7E8270BF2AFE4F3D008D10FA /* Release */ = {
			isa = XCBuildConfiguration;
			buildSettings = {
				ALWAYS_EMBED_SWIFT_STANDARD_LIBRARIES = YES;
				CODE_SIGN_STYLE = Automatic;
				CURRENT_PROJECT_VERSION = 1;
				DEVELOPMENT_TEAM = 76P85BXFRK;
				GENERATE_INFOPLIST_FILE = YES;
				MARKETING_VERSION = 1.0;
				PRODUCT_BUNDLE_IDENTIFIER = com.itsalhussein.GitHubRepositoriesUITests;
				PRODUCT_NAME = "$(TARGET_NAME)";
				SWIFT_EMIT_LOC_STRINGS = NO;
				SWIFT_VERSION = 5.0;
				TARGETED_DEVICE_FAMILY = "1,2";
				TEST_TARGET_NAME = GitHubRepositories;
			};
			name = Release;
		};
/* End XCBuildConfiguration section */

/* Begin XCConfigurationList section */
		7E8270882AFE4F3B008D10FA /* Build configuration list for PBXProject "GitHubRepositories" */ = {
			isa = XCConfigurationList;
			buildConfigurations = (
				7E8270B52AFE4F3D008D10FA /* Debug */,
				7E8270B62AFE4F3D008D10FA /* Release */,
			);
			defaultConfigurationIsVisible = 0;
			defaultConfigurationName = Release;
		};
		7E8270B72AFE4F3D008D10FA /* Build configuration list for PBXNativeTarget "GitHubRepositories" */ = {
			isa = XCConfigurationList;
			buildConfigurations = (
				7E8270B82AFE4F3D008D10FA /* Debug */,
				7E8270B92AFE4F3D008D10FA /* Release */,
			);
			defaultConfigurationIsVisible = 0;
			defaultConfigurationName = Release;
		};
		7E8270BA2AFE4F3D008D10FA /* Build configuration list for PBXNativeTarget "GitHubRepositoriesTests" */ = {
			isa = XCConfigurationList;
			buildConfigurations = (
				7E8270BB2AFE4F3D008D10FA /* Debug */,
				7E8270BC2AFE4F3D008D10FA /* Release */,
			);
			defaultConfigurationIsVisible = 0;
			defaultConfigurationName = Release;
		};
		7E8270BD2AFE4F3D008D10FA /* Build configuration list for PBXNativeTarget "GitHubRepositoriesUITests" */ = {
			isa = XCConfigurationList;
			buildConfigurations = (
				7E8270BE2AFE4F3D008D10FA /* Debug */,
				7E8270BF2AFE4F3D008D10FA /* Release */,
			);
			defaultConfigurationIsVisible = 0;
			defaultConfigurationName = Release;
		};
/* End XCConfigurationList section */
	};
	rootObject = 7E8270852AFE4F3B008D10FA /* Project object */;
}
