// !$*UTF8*$!
{
	archiveVersion = 1;
	classes = {
	};
	objectVersion = 56;
	objects = {

/* Begin PBXBuildFile section */
		7E63D86E2AFFC6FC00F0FC68 /* HomeViewModelTests.swift in Sources */ = {isa = PBXBuildFile; fileRef = 7E63D86D2AFFC6FC00F0FC68 /* HomeViewModelTests.swift */; };
		7E6757882AFFAD0900241539 /* ImageCacheManager.swift in Sources */ = {isa = PBXBuildFile; fileRef = 7E6757872AFFAD0900241539 /* ImageCacheManager.swift */; };
		7E67578C2AFFB58300241539 /* RepositoryDetailsViewController.swift in Sources */ = {isa = PBXBuildFile; fileRef = 7E67578A2AFFB58300241539 /* RepositoryDetailsViewController.swift */; };
		7E67578D2AFFB58300241539 /* RepositoryDetailsViewController.xib in Resources */ = {isa = PBXBuildFile; fileRef = 7E67578B2AFFB58300241539 /* RepositoryDetailsViewController.xib */; };
		7E67578F2AFFB97A00241539 /* UIView+Ex.swift in Sources */ = {isa = PBXBuildFile; fileRef = 7E67578E2AFFB97A00241539 /* UIView+Ex.swift */; };
		7E6757912AFFBAD000241539 /* RepositoryDetailsViewModel.swift in Sources */ = {isa = PBXBuildFile; fileRef = 7E6757902AFFBAD000241539 /* RepositoryDetailsViewModel.swift */; };
		7E6757932AFFC48B00241539 /* String+Ex.swift in Sources */ = {isa = PBXBuildFile; fileRef = 7E6757922AFFC48A00241539 /* String+Ex.swift */; };
		7E8270912AFE4F3B008D10FA /* AppDelegate.swift in Sources */ = {isa = PBXBuildFile; fileRef = 7E8270902AFE4F3B008D10FA /* AppDelegate.swift */; };
		7E8270932AFE4F3B008D10FA /* SceneDelegate.swift in Sources */ = {isa = PBXBuildFile; fileRef = 7E8270922AFE4F3B008D10FA /* SceneDelegate.swift */; };
		7E82709A2AFE4F3D008D10FA /* Assets.xcassets in Resources */ = {isa = PBXBuildFile; fileRef = 7E8270992AFE4F3D008D10FA /* Assets.xcassets */; };
		7E82709D2AFE4F3D008D10FA /* LaunchScreen.storyboard in Resources */ = {isa = PBXBuildFile; fileRef = 7E82709B2AFE4F3D008D10FA /* LaunchScreen.storyboard */; };
		7E8270C32AFF2E8D008D10FA /* HomeViewController.swift in Sources */ = {isa = PBXBuildFile; fileRef = 7E8270C12AFF2E8D008D10FA /* HomeViewController.swift */; };
		7E8270C42AFF2E8D008D10FA /* HomeViewController.xib in Resources */ = {isa = PBXBuildFile; fileRef = 7E8270C22AFF2E8D008D10FA /* HomeViewController.xib */; };
		7E8270CA2AFF2EFD008D10FA /* RepositoryCell.swift in Sources */ = {isa = PBXBuildFile; fileRef = 7E8270C82AFF2EFD008D10FA /* RepositoryCell.swift */; };
		7E8270CB2AFF2EFD008D10FA /* RepositoryCell.xib in Resources */ = {isa = PBXBuildFile; fileRef = 7E8270C92AFF2EFD008D10FA /* RepositoryCell.xib */; };
		7E8270CD2AFF6DA3008D10FA /* HomeViewModel.swift in Sources */ = {isa = PBXBuildFile; fileRef = 7E8270CC2AFF6DA3008D10FA /* HomeViewModel.swift */; };
		7E8270D02AFF70D2008D10FA /* UITableView+Ex.swift in Sources */ = {isa = PBXBuildFile; fileRef = 7E8270CF2AFF70D2008D10FA /* UITableView+Ex.swift */; };
		7E8270D42AFF7191008D10FA /* NetworkManager.swift in Sources */ = {isa = PBXBuildFile; fileRef = 7E8270D32AFF7191008D10FA /* NetworkManager.swift */; };
		7E8270D62AFF7258008D10FA /* RepositoryModel.swift in Sources */ = {isa = PBXBuildFile; fileRef = 7E8270D52AFF7258008D10FA /* RepositoryModel.swift */; };
		7E8270D82AFF931E008D10FA /* RepositoryCellViewModel.swift in Sources */ = {isa = PBXBuildFile; fileRef = 7E8270D72AFF931E008D10FA /* RepositoryCellViewModel.swift */; };
		8D12D1F6DA20838240C278FE /* Pods_GitHubRepositoriesTests.framework in Frameworks */ = {isa = PBXBuildFile; fileRef = F5EF7DC944BFBE9AAC3EF461 /* Pods_GitHubRepositoriesTests.framework */; };
		CEAC91BDB1AE6962234E31D3 /* Pods_GitHubRepositories.framework in Frameworks */ = {isa = PBXBuildFile; fileRef = 437E4AD86D15A1B70F0A120E /* Pods_GitHubRepositories.framework */; };
/* End PBXBuildFile section */

/* Begin PBXContainerItemProxy section */
		7E8270A42AFE4F3D008D10FA /* PBXContainerItemProxy */ = {
			isa = PBXContainerItemProxy;
			containerPortal = 7E8270852AFE4F3B008D10FA /* Project object */;
			proxyType = 1;
			remoteGlobalIDString = 7E82708C2AFE4F3B008D10FA;
			remoteInfo = GitHubRepositories;
		};
/* End PBXContainerItemProxy section */

/* Begin PBXFileReference section */
		00048D5A35E9113C6D48F818 /* Pods-GitHubRepositoriesTests.debug.xcconfig */ = {isa = PBXFileReference; includeInIndex = 1; lastKnownFileType = text.xcconfig; name = "Pods-GitHubRepositoriesTests.debug.xcconfig"; path = "Target Support Files/Pods-GitHubRepositoriesTests/Pods-GitHubRepositoriesTests.debug.xcconfig"; sourceTree = "<group>"; };
		0DB4261061F979664B9DC87D /* Pods-GitHubRepositories.release.xcconfig */ = {isa = PBXFileReference; includeInIndex = 1; lastKnownFileType = text.xcconfig; name = "Pods-GitHubRepositories.release.xcconfig"; path = "Target Support Files/Pods-GitHubRepositories/Pods-GitHubRepositories.release.xcconfig"; sourceTree = "<group>"; };
		3AFC4F86D678A77407F79623 /* Pods-GitHubRepositories.debug.xcconfig */ = {isa = PBXFileReference; includeInIndex = 1; lastKnownFileType = text.xcconfig; name = "Pods-GitHubRepositories.debug.xcconfig"; path = "Target Support Files/Pods-GitHubRepositories/Pods-GitHubRepositories.debug.xcconfig"; sourceTree = "<group>"; };
		437E4AD86D15A1B70F0A120E /* Pods_GitHubRepositories.framework */ = {isa = PBXFileReference; explicitFileType = wrapper.framework; includeInIndex = 0; path = Pods_GitHubRepositories.framework; sourceTree = BUILT_PRODUCTS_DIR; };
		53633EBD63E39CA54FFD3324 /* Pods-GitHubRepositoriesTests.release.xcconfig */ = {isa = PBXFileReference; includeInIndex = 1; lastKnownFileType = text.xcconfig; name = "Pods-GitHubRepositoriesTests.release.xcconfig"; path = "Target Support Files/Pods-GitHubRepositoriesTests/Pods-GitHubRepositoriesTests.release.xcconfig"; sourceTree = "<group>"; };
		786DA9ECEC5A48E72FD82FA9 /* Pods-GitHubRepositories-GitHubRepositoriesUITests.release.xcconfig */ = {isa = PBXFileReference; includeInIndex = 1; lastKnownFileType = text.xcconfig; name = "Pods-GitHubRepositories-GitHubRepositoriesUITests.release.xcconfig"; path = "Target Support Files/Pods-GitHubRepositories-GitHubRepositoriesUITests/Pods-GitHubRepositories-GitHubRepositoriesUITests.release.xcconfig"; sourceTree = "<group>"; };
		7E63D86D2AFFC6FC00F0FC68 /* HomeViewModelTests.swift */ = {isa = PBXFileReference; lastKnownFileType = sourcecode.swift; path = HomeViewModelTests.swift; sourceTree = "<group>"; };
		7E6757872AFFAD0900241539 /* ImageCacheManager.swift */ = {isa = PBXFileReference; lastKnownFileType = sourcecode.swift; path = ImageCacheManager.swift; sourceTree = "<group>"; };
		7E67578A2AFFB58300241539 /* RepositoryDetailsViewController.swift */ = {isa = PBXFileReference; lastKnownFileType = sourcecode.swift; path = RepositoryDetailsViewController.swift; sourceTree = "<group>"; };
		7E67578B2AFFB58300241539 /* RepositoryDetailsViewController.xib */ = {isa = PBXFileReference; lastKnownFileType = file.xib; path = RepositoryDetailsViewController.xib; sourceTree = "<group>"; };
		7E67578E2AFFB97A00241539 /* UIView+Ex.swift */ = {isa = PBXFileReference; lastKnownFileType = sourcecode.swift; path = "UIView+Ex.swift"; sourceTree = "<group>"; };
		7E6757902AFFBAD000241539 /* RepositoryDetailsViewModel.swift */ = {isa = PBXFileReference; lastKnownFileType = sourcecode.swift; path = RepositoryDetailsViewModel.swift; sourceTree = "<group>"; };
		7E6757922AFFC48A00241539 /* String+Ex.swift */ = {isa = PBXFileReference; lastKnownFileType = sourcecode.swift; path = "String+Ex.swift"; sourceTree = "<group>"; };
		7E82708D2AFE4F3B008D10FA /* GitHubRepositories.app */ = {isa = PBXFileReference; explicitFileType = wrapper.application; includeInIndex = 0; path = GitHubRepositories.app; sourceTree = BUILT_PRODUCTS_DIR; };
		7E8270902AFE4F3B008D10FA /* AppDelegate.swift */ = {isa = PBXFileReference; lastKnownFileType = sourcecode.swift; path = AppDelegate.swift; sourceTree = "<group>"; };
		7E8270922AFE4F3B008D10FA /* SceneDelegate.swift */ = {isa = PBXFileReference; lastKnownFileType = sourcecode.swift; path = SceneDelegate.swift; sourceTree = "<group>"; };
		7E8270992AFE4F3D008D10FA /* Assets.xcassets */ = {isa = PBXFileReference; lastKnownFileType = folder.assetcatalog; path = Assets.xcassets; sourceTree = "<group>"; };
		7E82709C2AFE4F3D008D10FA /* Base */ = {isa = PBXFileReference; lastKnownFileType = file.storyboard; name = Base; path = Base.lproj/LaunchScreen.storyboard; sourceTree = "<group>"; };
		7E82709E2AFE4F3D008D10FA /* Info.plist */ = {isa = PBXFileReference; lastKnownFileType = text.plist.xml; path = Info.plist; sourceTree = "<group>"; };
		7E8270A32AFE4F3D008D10FA /* GitHubRepositoriesTests.xctest */ = {isa = PBXFileReference; explicitFileType = wrapper.cfbundle; includeInIndex = 0; path = GitHubRepositoriesTests.xctest; sourceTree = BUILT_PRODUCTS_DIR; };
		7E8270C12AFF2E8D008D10FA /* HomeViewController.swift */ = {isa = PBXFileReference; lastKnownFileType = sourcecode.swift; path = HomeViewController.swift; sourceTree = "<group>"; };
		7E8270C22AFF2E8D008D10FA /* HomeViewController.xib */ = {isa = PBXFileReference; lastKnownFileType = file.xib; path = HomeViewController.xib; sourceTree = "<group>"; };
		7E8270C82AFF2EFD008D10FA /* RepositoryCell.swift */ = {isa = PBXFileReference; lastKnownFileType = sourcecode.swift; path = RepositoryCell.swift; sourceTree = "<group>"; };
		7E8270C92AFF2EFD008D10FA /* RepositoryCell.xib */ = {isa = PBXFileReference; lastKnownFileType = file.xib; path = RepositoryCell.xib; sourceTree = "<group>"; };
		7E8270CC2AFF6DA3008D10FA /* HomeViewModel.swift */ = {isa = PBXFileReference; lastKnownFileType = sourcecode.swift; path = HomeViewModel.swift; sourceTree = "<group>"; };
		7E8270CF2AFF70D2008D10FA /* UITableView+Ex.swift */ = {isa = PBXFileReference; lastKnownFileType = sourcecode.swift; path = "UITableView+Ex.swift"; sourceTree = "<group>"; };
		7E8270D32AFF7191008D10FA /* NetworkManager.swift */ = {isa = PBXFileReference; lastKnownFileType = sourcecode.swift; path = NetworkManager.swift; sourceTree = "<group>"; };
		7E8270D52AFF7258008D10FA /* RepositoryModel.swift */ = {isa = PBXFileReference; lastKnownFileType = sourcecode.swift; path = RepositoryModel.swift; sourceTree = "<group>"; };
		7E8270D72AFF931E008D10FA /* RepositoryCellViewModel.swift */ = {isa = PBXFileReference; lastKnownFileType = sourcecode.swift; path = RepositoryCellViewModel.swift; sourceTree = "<group>"; };
		899A20C0C69660FA8FE5E4A8 /* Pods_GitHubRepositories_GitHubRepositoriesUITests.framework */ = {isa = PBXFileReference; explicitFileType = wrapper.framework; includeInIndex = 0; path = Pods_GitHubRepositories_GitHubRepositoriesUITests.framework; sourceTree = BUILT_PRODUCTS_DIR; };
		AE7B32BF705BE7C93BAB13E8 /* Pods-GitHubRepositories-GitHubRepositoriesUITests.debug.xcconfig */ = {isa = PBXFileReference; includeInIndex = 1; lastKnownFileType = text.xcconfig; name = "Pods-GitHubRepositories-GitHubRepositoriesUITests.debug.xcconfig"; path = "Target Support Files/Pods-GitHubRepositories-GitHubRepositoriesUITests/Pods-GitHubRepositories-GitHubRepositoriesUITests.debug.xcconfig"; sourceTree = "<group>"; };
		F5EF7DC944BFBE9AAC3EF461 /* Pods_GitHubRepositoriesTests.framework */ = {isa = PBXFileReference; explicitFileType = wrapper.framework; includeInIndex = 0; path = Pods_GitHubRepositoriesTests.framework; sourceTree = BUILT_PRODUCTS_DIR; };
/* End PBXFileReference section */

/* Begin PBXFrameworksBuildPhase section */
		7E82708A2AFE4F3B008D10FA /* Frameworks */ = {
			isa = PBXFrameworksBuildPhase;
			buildActionMask = 2147483647;
			files = (
				CEAC91BDB1AE6962234E31D3 /* Pods_GitHubRepositories.framework in Frameworks */,
			);
			runOnlyForDeploymentPostprocessing = 0;
		};
		7E8270A02AFE4F3D008D10FA /* Frameworks */ = {
			isa = PBXFrameworksBuildPhase;
			buildActionMask = 2147483647;
			files = (
				8D12D1F6DA20838240C278FE /* Pods_GitHubRepositoriesTests.framework in Frameworks */,
			);
			runOnlyForDeploymentPostprocessing = 0;
		};
/* End PBXFrameworksBuildPhase section */

/* Begin PBXGroup section */
		724BAEE7ED12B25C397B5B54 /* Frameworks */ = {
			isa = PBXGroup;
			children = (
				437E4AD86D15A1B70F0A120E /* Pods_GitHubRepositories.framework */,
				899A20C0C69660FA8FE5E4A8 /* Pods_GitHubRepositories_GitHubRepositoriesUITests.framework */,
				F5EF7DC944BFBE9AAC3EF461 /* Pods_GitHubRepositoriesTests.framework */,
			);
			name = Frameworks;
			sourceTree = "<group>";
		};
		7E35E48F2AFFD071006E6154 /* Classes */ = {
			isa = PBXGroup;
			children = (
				7E35E4972AFFD8DD006E6154 /* Utilities */,
				7E8270D22AFF7150008D10FA /* Services */,
				7E35E4912AFFD0AA006E6154 /* Modules */,
				7E8270902AFE4F3B008D10FA /* AppDelegate.swift */,
				7E8270922AFE4F3B008D10FA /* SceneDelegate.swift */,
			);
			path = Classes;
			sourceTree = "<group>";
		};
		7E35E4902AFFD07E006E6154 /* Resources */ = {
			isa = PBXGroup;
			children = (
				7E8270992AFE4F3D008D10FA /* Assets.xcassets */,
				7E82709B2AFE4F3D008D10FA /* LaunchScreen.storyboard */,
				7E82709E2AFE4F3D008D10FA /* Info.plist */,
			);
			path = Resources;
			sourceTree = "<group>";
		};
		7E35E4912AFFD0AA006E6154 /* Modules */ = {
			isa = PBXGroup;
			children = (
				7E8270C02AFF2E72008D10FA /* HomeScreen */,
				7E6757892AFFB56100241539 /* RepositoryDetails */,
			);
			path = Modules;
			sourceTree = "<group>";
		};
		7E35E4922AFFD0BF006E6154 /* View */ = {
			isa = PBXGroup;
			children = (
				7E67578A2AFFB58300241539 /* RepositoryDetailsViewController.swift */,
				7E67578B2AFFB58300241539 /* RepositoryDetailsViewController.xib */,
			);
			path = View;
			sourceTree = "<group>";
		};
		7E35E4932AFFD0C4006E6154 /* ViewModel */ = {
			isa = PBXGroup;
			children = (
				7E6757902AFFBAD000241539 /* RepositoryDetailsViewModel.swift */,
			);
			path = ViewModel;
			sourceTree = "<group>";
		};
		7E35E4942AFFD0CB006E6154 /* View */ = {
			isa = PBXGroup;
			children = (
				7E8270C12AFF2E8D008D10FA /* HomeViewController.swift */,
				7E8270C22AFF2E8D008D10FA /* HomeViewController.xib */,
			);
			path = View;
			sourceTree = "<group>";
		};
		7E35E4952AFFD0D0006E6154 /* ViewModel */ = {
			isa = PBXGroup;
			children = (
				7E35E4962AFFD441006E6154 /* CellViewModel */,
				7E8270CC2AFF6DA3008D10FA /* HomeViewModel.swift */,
			);
			path = ViewModel;
			sourceTree = "<group>";
		};
		7E35E4962AFFD441006E6154 /* CellViewModel */ = {
			isa = PBXGroup;
			children = (
				7E8270D72AFF931E008D10FA /* RepositoryCellViewModel.swift */,
			);
			path = CellViewModel;
			sourceTree = "<group>";
		};
		7E35E4972AFFD8DD006E6154 /* Utilities */ = {
			isa = PBXGroup;
			children = (
				7E35E4982AFFD8E7006E6154 /* Managers */,
				7E8270CE2AFF70C4008D10FA /* Extensions */,
			);
			path = Utilities;
			sourceTree = "<group>";
		};
		7E35E4982AFFD8E7006E6154 /* Managers */ = {
			isa = PBXGroup;
			children = (
				7E6757872AFFAD0900241539 /* ImageCacheManager.swift */,
			);
			path = Managers;
			sourceTree = "<group>";
		};
		7E6757892AFFB56100241539 /* RepositoryDetails */ = {
			isa = PBXGroup;
			children = (
				7E35E4922AFFD0BF006E6154 /* View */,
				7E35E4932AFFD0C4006E6154 /* ViewModel */,
			);
			path = RepositoryDetails;
			sourceTree = "<group>";
		};
		7E8270842AFE4F3B008D10FA = {
			isa = PBXGroup;
			children = (
				7E82708F2AFE4F3B008D10FA /* GitHubRepositories */,
				7E8270A62AFE4F3D008D10FA /* GitHubRepositoriesTests */,
				7E82708E2AFE4F3B008D10FA /* Products */,
				F07088E95D1CA83DE58FE74C /* Pods */,
				724BAEE7ED12B25C397B5B54 /* Frameworks */,
			);
			sourceTree = "<group>";
		};
		7E82708E2AFE4F3B008D10FA /* Products */ = {
			isa = PBXGroup;
			children = (
				7E82708D2AFE4F3B008D10FA /* GitHubRepositories.app */,
				7E8270A32AFE4F3D008D10FA /* GitHubRepositoriesTests.xctest */,
			);
			name = Products;
			sourceTree = "<group>";
		};
		7E82708F2AFE4F3B008D10FA /* GitHubRepositories */ = {
			isa = PBXGroup;
			children = (
				7E35E4902AFFD07E006E6154 /* Resources */,
				7E35E48F2AFFD071006E6154 /* Classes */,
			);
			path = GitHubRepositories;
			sourceTree = "<group>";
		};
		7E8270A62AFE4F3D008D10FA /* GitHubRepositoriesTests */ = {
			isa = PBXGroup;
			children = (
				7E63D86D2AFFC6FC00F0FC68 /* HomeViewModelTests.swift */,
			);
			path = GitHubRepositoriesTests;
			sourceTree = "<group>";
		};
		7E8270C02AFF2E72008D10FA /* HomeScreen */ = {
			isa = PBXGroup;
			children = (
				7E8270C72AFF2ED9008D10FA /* Cells */,
				7E35E4942AFFD0CB006E6154 /* View */,
				7E35E4952AFFD0D0006E6154 /* ViewModel */,
			);
			path = HomeScreen;
			sourceTree = "<group>";
		};
		7E8270C72AFF2ED9008D10FA /* Cells */ = {
			isa = PBXGroup;
			children = (
				7E8270C82AFF2EFD008D10FA /* RepositoryCell.swift */,
				7E8270C92AFF2EFD008D10FA /* RepositoryCell.xib */,
			);
			path = Cells;
			sourceTree = "<group>";
		};
		7E8270CE2AFF70C4008D10FA /* Extensions */ = {
			isa = PBXGroup;
			children = (
				7E8270CF2AFF70D2008D10FA /* UITableView+Ex.swift */,
				7E67578E2AFFB97A00241539 /* UIView+Ex.swift */,
				7E6757922AFFC48A00241539 /* String+Ex.swift */,
			);
			path = Extensions;
			sourceTree = "<group>";
		};
		7E8270D12AFF7131008D10FA /* Network */ = {
			isa = PBXGroup;
			children = (
				7E8270D32AFF7191008D10FA /* NetworkManager.swift */,
				7E8270D52AFF7258008D10FA /* RepositoryModel.swift */,
			);
			path = Network;
			sourceTree = "<group>";
		};
		7E8270D22AFF7150008D10FA /* Services */ = {
			isa = PBXGroup;
			children = (
				7E8270D12AFF7131008D10FA /* Network */,
			);
			path = Services;
			sourceTree = "<group>";
		};
		F07088E95D1CA83DE58FE74C /* Pods */ = {
			isa = PBXGroup;
			children = (
				3AFC4F86D678A77407F79623 /* Pods-GitHubRepositories.debug.xcconfig */,
				0DB4261061F979664B9DC87D /* Pods-GitHubRepositories.release.xcconfig */,
				AE7B32BF705BE7C93BAB13E8 /* Pods-GitHubRepositories-GitHubRepositoriesUITests.debug.xcconfig */,
				786DA9ECEC5A48E72FD82FA9 /* Pods-GitHubRepositories-GitHubRepositoriesUITests.release.xcconfig */,
				00048D5A35E9113C6D48F818 /* Pods-GitHubRepositoriesTests.debug.xcconfig */,
				53633EBD63E39CA54FFD3324 /* Pods-GitHubRepositoriesTests.release.xcconfig */,
			);
			path = Pods;
			sourceTree = "<group>";
		};
/* End PBXGroup section */

/* Begin PBXNativeTarget section */
		7E82708C2AFE4F3B008D10FA /* GitHubRepositories */ = {
			isa = PBXNativeTarget;
			buildConfigurationList = 7E8270B72AFE4F3D008D10FA /* Build configuration list for PBXNativeTarget "GitHubRepositories" */;
			buildPhases = (
				1AC295D2169426673EF84961 /* [CP] Check Pods Manifest.lock */,
				7E8270892AFE4F3B008D10FA /* Sources */,
				7E82708A2AFE4F3B008D10FA /* Frameworks */,
				7E82708B2AFE4F3B008D10FA /* Resources */,
				21C8DB686282CDE8BF5F30F1 /* [CP] Embed Pods Frameworks */,
			);
			buildRules = (
			);
			dependencies = (
			);
			name = GitHubRepositories;
			productName = GitHubRepositories;
			productReference = 7E82708D2AFE4F3B008D10FA /* GitHubRepositories.app */;
			productType = "com.apple.product-type.application";
		};
		7E8270A22AFE4F3D008D10FA /* GitHubRepositoriesTests */ = {
			isa = PBXNativeTarget;
			buildConfigurationList = 7E8270BA2AFE4F3D008D10FA /* Build configuration list for PBXNativeTarget "GitHubRepositoriesTests" */;
			buildPhases = (
				18816009251A67571A742B6C /* [CP] Check Pods Manifest.lock */,
				7E82709F2AFE4F3D008D10FA /* Sources */,
				7E8270A02AFE4F3D008D10FA /* Frameworks */,
				7E8270A12AFE4F3D008D10FA /* Resources */,
			);
			buildRules = (
			);
			dependencies = (
				7E8270A52AFE4F3D008D10FA /* PBXTargetDependency */,
			);
			name = GitHubRepositoriesTests;
			productName = GitHubRepositoriesTests;
			productReference = 7E8270A32AFE4F3D008D10FA /* GitHubRepositoriesTests.xctest */;
			productType = "com.apple.product-type.bundle.unit-test";
		};
/* End PBXNativeTarget section */

/* Begin PBXProject section */
		7E8270852AFE4F3B008D10FA /* Project object */ = {
			isa = PBXProject;
			attributes = {
				BuildIndependentTargetsInParallel = 1;
				LastSwiftUpdateCheck = 1500;
				LastUpgradeCheck = 1500;
				TargetAttributes = {
					7E82708C2AFE4F3B008D10FA = {
						CreatedOnToolsVersion = 15.0.1;
					};
					7E8270A22AFE4F3D008D10FA = {
						CreatedOnToolsVersion = 15.0.1;
						LastSwiftMigration = 1500;
						TestTargetID = 7E82708C2AFE4F3B008D10FA;
					};
				};
			};
			buildConfigurationList = 7E8270882AFE4F3B008D10FA /* Build configuration list for PBXProject "GitHubRepositories" */;
			compatibilityVersion = "Xcode 14.0";
			developmentRegion = en;
			hasScannedForEncodings = 0;
			knownRegions = (
				en,
				Base,
			);
			mainGroup = 7E8270842AFE4F3B008D10FA;
			productRefGroup = 7E82708E2AFE4F3B008D10FA /* Products */;
			projectDirPath = "";
			projectRoot = "";
			targets = (
				7E82708C2AFE4F3B008D10FA /* GitHubRepositories */,
				7E8270A22AFE4F3D008D10FA /* GitHubRepositoriesTests */,
			);
		};
/* End PBXProject section */

/* Begin PBXResourcesBuildPhase section */
		7E82708B2AFE4F3B008D10FA /* Resources */ = {
			isa = PBXResourcesBuildPhase;
			buildActionMask = 2147483647;
			files = (
				7E82709D2AFE4F3D008D10FA /* LaunchScreen.storyboard in Resources */,
				7E67578D2AFFB58300241539 /* RepositoryDetailsViewController.xib in Resources */,
				7E82709A2AFE4F3D008D10FA /* Assets.xcassets in Resources */,
				7E8270C42AFF2E8D008D10FA /* HomeViewController.xib in Resources */,
				7E8270CB2AFF2EFD008D10FA /* RepositoryCell.xib in Resources */,
			);
			runOnlyForDeploymentPostprocessing = 0;
		};
		7E8270A12AFE4F3D008D10FA /* Resources */ = {
			isa = PBXResourcesBuildPhase;
			buildActionMask = 2147483647;
			files = (
			);
			runOnlyForDeploymentPostprocessing = 0;
		};
/* End PBXResourcesBuildPhase section */

/* Begin PBXShellScriptBuildPhase section */
		18816009251A67571A742B6C /* [CP] Check Pods Manifest.lock */ = {
			isa = PBXShellScriptBuildPhase;
			buildActionMask = 2147483647;
			files = (
			);
			inputFileListPaths = (
			);
			inputPaths = (
				"${PODS_PODFILE_DIR_PATH}/Podfile.lock",
				"${PODS_ROOT}/Manifest.lock",
			);
			name = "[CP] Check Pods Manifest.lock";
			outputFileListPaths = (
			);
			outputPaths = (
				"$(DERIVED_FILE_DIR)/Pods-GitHubRepositoriesTests-checkManifestLockResult.txt",
			);
			runOnlyForDeploymentPostprocessing = 0;
			shellPath = /bin/sh;
			shellScript = "diff \"${PODS_PODFILE_DIR_PATH}/Podfile.lock\" \"${PODS_ROOT}/Manifest.lock\" > /dev/null\nif [ $? != 0 ] ; then\n    # print error to STDERR\n    echo \"error: The sandbox is not in sync with the Podfile.lock. Run 'pod install' or update your CocoaPods installation.\" >&2\n    exit 1\nfi\n# This output is used by Xcode 'outputs' to avoid re-running this script phase.\necho \"SUCCESS\" > \"${SCRIPT_OUTPUT_FILE_0}\"\n";
			showEnvVarsInLog = 0;
		};
		1AC295D2169426673EF84961 /* [CP] Check Pods Manifest.lock */ = {
			isa = PBXShellScriptBuildPhase;
			buildActionMask = 2147483647;
			files = (
			);
			inputFileListPaths = (
			);
			inputPaths = (
				"${PODS_PODFILE_DIR_PATH}/Podfile.lock",
				"${PODS_ROOT}/Manifest.lock",
			);
			name = "[CP] Check Pods Manifest.lock";
			outputFileListPaths = (
			);
			outputPaths = (
				"$(DERIVED_FILE_DIR)/Pods-GitHubRepositories-checkManifestLockResult.txt",
			);
			runOnlyForDeploymentPostprocessing = 0;
			shellPath = /bin/sh;
			shellScript = "diff \"${PODS_PODFILE_DIR_PATH}/Podfile.lock\" \"${PODS_ROOT}/Manifest.lock\" > /dev/null\nif [ $? != 0 ] ; then\n    # print error to STDERR\n    echo \"error: The sandbox is not in sync with the Podfile.lock. Run 'pod install' or update your CocoaPods installation.\" >&2\n    exit 1\nfi\n# This output is used by Xcode 'outputs' to avoid re-running this script phase.\necho \"SUCCESS\" > \"${SCRIPT_OUTPUT_FILE_0}\"\n";
			showEnvVarsInLog = 0;
		};
		21C8DB686282CDE8BF5F30F1 /* [CP] Embed Pods Frameworks */ = {
			isa = PBXShellScriptBuildPhase;
			buildActionMask = 2147483647;
			files = (
			);
			inputFileListPaths = (
				"${PODS_ROOT}/Target Support Files/Pods-GitHubRepositories/Pods-GitHubRepositories-frameworks-${CONFIGURATION}-input-files.xcfilelist",
			);
			name = "[CP] Embed Pods Frameworks";
			outputFileListPaths = (
				"${PODS_ROOT}/Target Support Files/Pods-GitHubRepositories/Pods-GitHubRepositories-frameworks-${CONFIGURATION}-output-files.xcfilelist",
			);
			runOnlyForDeploymentPostprocessing = 0;
			shellPath = /bin/sh;
			shellScript = "\"${PODS_ROOT}/Target Support Files/Pods-GitHubRepositories/Pods-GitHubRepositories-frameworks.sh\"\n";
			showEnvVarsInLog = 0;
		};
/* End PBXShellScriptBuildPhase section */

/* Begin PBXSourcesBuildPhase section */
		7E8270892AFE4F3B008D10FA /* Sources */ = {
			isa = PBXSourcesBuildPhase;
			buildActionMask = 2147483647;
			files = (
				7E6757912AFFBAD000241539 /* RepositoryDetailsViewModel.swift in Sources */,
				7E8270D82AFF931E008D10FA /* RepositoryCellViewModel.swift in Sources */,
				7E8270CA2AFF2EFD008D10FA /* RepositoryCell.swift in Sources */,
				7E67578F2AFFB97A00241539 /* UIView+Ex.swift in Sources */,
				7E8270CD2AFF6DA3008D10FA /* HomeViewModel.swift in Sources */,
				7E8270D02AFF70D2008D10FA /* UITableView+Ex.swift in Sources */,
				7E6757932AFFC48B00241539 /* String+Ex.swift in Sources */,
				7E8270D62AFF7258008D10FA /* RepositoryModel.swift in Sources */,
				7E67578C2AFFB58300241539 /* RepositoryDetailsViewController.swift in Sources */,
				7E8270D42AFF7191008D10FA /* NetworkManager.swift in Sources */,
				7E6757882AFFAD0900241539 /* ImageCacheManager.swift in Sources */,
				7E8270912AFE4F3B008D10FA /* AppDelegate.swift in Sources */,
				7E8270932AFE4F3B008D10FA /* SceneDelegate.swift in Sources */,
				7E8270C32AFF2E8D008D10FA /* HomeViewController.swift in Sources */,
			);
			runOnlyForDeploymentPostprocessing = 0;
		};
		7E82709F2AFE4F3D008D10FA /* Sources */ = {
			isa = PBXSourcesBuildPhase;
			buildActionMask = 2147483647;
			files = (
				7E63D86E2AFFC6FC00F0FC68 /* HomeViewModelTests.swift in Sources */,
			);
			runOnlyForDeploymentPostprocessing = 0;
		};
/* End PBXSourcesBuildPhase section */

/* Begin PBXTargetDependency section */
		7E8270A52AFE4F3D008D10FA /* PBXTargetDependency */ = {
			isa = PBXTargetDependency;
			target = 7E82708C2AFE4F3B008D10FA /* GitHubRepositories */;
			targetProxy = 7E8270A42AFE4F3D008D10FA /* PBXContainerItemProxy */;
		};
/* End PBXTargetDependency section */

/* Begin PBXVariantGroup section */
		7E82709B2AFE4F3D008D10FA /* LaunchScreen.storyboard */ = {
			isa = PBXVariantGroup;
			children = (
				7E82709C2AFE4F3D008D10FA /* Base */,
			);
			name = LaunchScreen.storyboard;
			sourceTree = "<group>";
		};
/* End PBXVariantGroup section */

/* Begin XCBuildConfiguration section */
		7E8270B52AFE4F3D008D10FA /* Debug */ = {
			isa = XCBuildConfiguration;
			buildSettings = {
				ALWAYS_SEARCH_USER_PATHS = NO;
				ASSETCATALOG_COMPILER_GENERATE_SWIFT_ASSET_SYMBOL_EXTENSIONS = YES;
				CLANG_ANALYZER_NONNULL = YES;
				CLANG_ANALYZER_NUMBER_OBJECT_CONVERSION = YES_AGGRESSIVE;
				CLANG_CXX_LANGUAGE_STANDARD = "gnu++20";
				CLANG_ENABLE_MODULES = YES;
				CLANG_ENABLE_OBJC_ARC = YES;
				CLANG_ENABLE_OBJC_WEAK = YES;
				CLANG_WARN_BLOCK_CAPTURE_AUTORELEASING = YES;
				CLANG_WARN_BOOL_CONVERSION = YES;
				CLANG_WARN_COMMA = YES;
				CLANG_WARN_CONSTANT_CONVERSION = YES;
				CLANG_WARN_DEPRECATED_OBJC_IMPLEMENTATIONS = YES;
				CLANG_WARN_DIRECT_OBJC_ISA_USAGE = YES_ERROR;
				CLANG_WARN_DOCUMENTATION_COMMENTS = YES;
				CLANG_WARN_EMPTY_BODY = YES;
				CLANG_WARN_ENUM_CONVERSION = YES;
				CLANG_WARN_INFINITE_RECURSION = YES;
				CLANG_WARN_INT_CONVERSION = YES;
				CLANG_WARN_NON_LITERAL_NULL_CONVERSION = YES;
				CLANG_WARN_OBJC_IMPLICIT_RETAIN_SELF = YES;
				CLANG_WARN_OBJC_LITERAL_CONVERSION = YES;
				CLANG_WARN_OBJC_ROOT_CLASS = YES_ERROR;
				CLANG_WARN_QUOTED_INCLUDE_IN_FRAMEWORK_HEADER = YES;
				CLANG_WARN_RANGE_LOOP_ANALYSIS = YES;
				CLANG_WARN_STRICT_PROTOTYPES = YES;
				CLANG_WARN_SUSPICIOUS_MOVE = YES;
				CLANG_WARN_UNGUARDED_AVAILABILITY = YES_AGGRESSIVE;
				CLANG_WARN_UNREACHABLE_CODE = YES;
				CLANG_WARN__DUPLICATE_METHOD_MATCH = YES;
				COPY_PHASE_STRIP = NO;
				DEBUG_INFORMATION_FORMAT = dwarf;
				ENABLE_STRICT_OBJC_MSGSEND = YES;
				ENABLE_TESTABILITY = YES;
				ENABLE_USER_SCRIPT_SANDBOXING = YES;
				GCC_C_LANGUAGE_STANDARD = gnu17;
				GCC_DYNAMIC_NO_PIC = NO;
				GCC_NO_COMMON_BLOCKS = YES;
				GCC_OPTIMIZATION_LEVEL = 0;
				GCC_PREPROCESSOR_DEFINITIONS = (
					"DEBUG=1",
					"$(inherited)",
				);
				GCC_WARN_64_TO_32_BIT_CONVERSION = YES;
				GCC_WARN_ABOUT_RETURN_TYPE = YES_ERROR;
				GCC_WARN_UNDECLARED_SELECTOR = YES;
				GCC_WARN_UNINITIALIZED_AUTOS = YES_AGGRESSIVE;
				GCC_WARN_UNUSED_FUNCTION = YES;
				GCC_WARN_UNUSED_VARIABLE = YES;
				IPHONEOS_DEPLOYMENT_TARGET = 17.0;
				LOCALIZATION_PREFERS_STRING_CATALOGS = YES;
				MTL_ENABLE_DEBUG_INFO = INCLUDE_SOURCE;
				MTL_FAST_MATH = YES;
				ONLY_ACTIVE_ARCH = YES;
				SDKROOT = iphoneos;
				SWIFT_ACTIVE_COMPILATION_CONDITIONS = "DEBUG $(inherited)";
				SWIFT_OPTIMIZATION_LEVEL = "-Onone";
			};
			name = Debug;
		};
		7E8270B62AFE4F3D008D10FA /* Release */ = {
			isa = XCBuildConfiguration;
			buildSettings = {
				ALWAYS_SEARCH_USER_PATHS = NO;
				ASSETCATALOG_COMPILER_GENERATE_SWIFT_ASSET_SYMBOL_EXTENSIONS = YES;
				CLANG_ANALYZER_NONNULL = YES;
				CLANG_ANALYZER_NUMBER_OBJECT_CONVERSION = YES_AGGRESSIVE;
				CLANG_CXX_LANGUAGE_STANDARD = "gnu++20";
				CLANG_ENABLE_MODULES = YES;
				CLANG_ENABLE_OBJC_ARC = YES;
				CLANG_ENABLE_OBJC_WEAK = YES;
				CLANG_WARN_BLOCK_CAPTURE_AUTORELEASING = YES;
				CLANG_WARN_BOOL_CONVERSION = YES;
				CLANG_WARN_COMMA = YES;
				CLANG_WARN_CONSTANT_CONVERSION = YES;
				CLANG_WARN_DEPRECATED_OBJC_IMPLEMENTATIONS = YES;
				CLANG_WARN_DIRECT_OBJC_ISA_USAGE = YES_ERROR;
				CLANG_WARN_DOCUMENTATION_COMMENTS = YES;
				CLANG_WARN_EMPTY_BODY = YES;
				CLANG_WARN_ENUM_CONVERSION = YES;
				CLANG_WARN_INFINITE_RECURSION = YES;
				CLANG_WARN_INT_CONVERSION = YES;
				CLANG_WARN_NON_LITERAL_NULL_CONVERSION = YES;
				CLANG_WARN_OBJC_IMPLICIT_RETAIN_SELF = YES;
				CLANG_WARN_OBJC_LITERAL_CONVERSION = YES;
				CLANG_WARN_OBJC_ROOT_CLASS = YES_ERROR;
				CLANG_WARN_QUOTED_INCLUDE_IN_FRAMEWORK_HEADER = YES;
				CLANG_WARN_RANGE_LOOP_ANALYSIS = YES;
				CLANG_WARN_STRICT_PROTOTYPES = YES;
				CLANG_WARN_SUSPICIOUS_MOVE = YES;
				CLANG_WARN_UNGUARDED_AVAILABILITY = YES_AGGRESSIVE;
				CLANG_WARN_UNREACHABLE_CODE = YES;
				CLANG_WARN__DUPLICATE_METHOD_MATCH = YES;
				COPY_PHASE_STRIP = NO;
				DEBUG_INFORMATION_FORMAT = "dwarf-with-dsym";
				ENABLE_NS_ASSERTIONS = NO;
				ENABLE_STRICT_OBJC_MSGSEND = YES;
				ENABLE_USER_SCRIPT_SANDBOXING = YES;
				GCC_C_LANGUAGE_STANDARD = gnu17;
				GCC_NO_COMMON_BLOCKS = YES;
				GCC_WARN_64_TO_32_BIT_CONVERSION = YES;
				GCC_WARN_ABOUT_RETURN_TYPE = YES_ERROR;
				GCC_WARN_UNDECLARED_SELECTOR = YES;
				GCC_WARN_UNINITIALIZED_AUTOS = YES_AGGRESSIVE;
				GCC_WARN_UNUSED_FUNCTION = YES;
				GCC_WARN_UNUSED_VARIABLE = YES;
				IPHONEOS_DEPLOYMENT_TARGET = 17.0;
				LOCALIZATION_PREFERS_STRING_CATALOGS = YES;
				MTL_ENABLE_DEBUG_INFO = NO;
				MTL_FAST_MATH = YES;
				SDKROOT = iphoneos;
				SWIFT_COMPILATION_MODE = wholemodule;
				VALIDATE_PRODUCT = YES;
			};
			name = Release;
		};
		7E8270B82AFE4F3D008D10FA /* Debug */ = {
			isa = XCBuildConfiguration;
			baseConfigurationReference = 3AFC4F86D678A77407F79623 /* Pods-GitHubRepositories.debug.xcconfig */;
			buildSettings = {
				ASSETCATALOG_COMPILER_APPICON_NAME = AppIcon;
				ASSETCATALOG_COMPILER_GLOBAL_ACCENT_COLOR_NAME = AccentColor;
				CODE_SIGN_STYLE = Automatic;
				CURRENT_PROJECT_VERSION = 1;
				DEVELOPMENT_TEAM = 76P85BXFRK;
				ENABLE_USER_SCRIPT_SANDBOXING = NO;
				GENERATE_INFOPLIST_FILE = YES;
				INFOPLIST_FILE = GitHubRepositories/Resources/Info.plist;
				INFOPLIST_KEY_UIApplicationSupportsIndirectInputEvents = YES;
				INFOPLIST_KEY_UILaunchStoryboardName = LaunchScreen;
				INFOPLIST_KEY_UIMainStoryboardFile = "";
				INFOPLIST_KEY_UISupportedInterfaceOrientations_iPad = "UIInterfaceOrientationPortrait UIInterfaceOrientationPortraitUpsideDown UIInterfaceOrientationLandscapeLeft UIInterfaceOrientationLandscapeRight";
				INFOPLIST_KEY_UISupportedInterfaceOrientations_iPhone = "UIInterfaceOrientationPortrait UIInterfaceOrientationLandscapeLeft UIInterfaceOrientationLandscapeRight";
				LD_RUNPATH_SEARCH_PATHS = (
					"$(inherited)",
					"@executable_path/Frameworks",
				);
				MARKETING_VERSION = 1.0;
				PRODUCT_BUNDLE_IDENTIFIER = com.itsalhussein.GitHubRepositories;
				PRODUCT_NAME = "$(TARGET_NAME)";
				SWIFT_EMIT_LOC_STRINGS = YES;
				SWIFT_VERSION = 5.0;
				TARGETED_DEVICE_FAMILY = "1,2";
			};
			name = Debug;
		};
		7E8270B92AFE4F3D008D10FA /* Release */ = {
			isa = XCBuildConfiguration;
			baseConfigurationReference = 0DB4261061F979664B9DC87D /* Pods-GitHubRepositories.release.xcconfig */;
			buildSettings = {
				ASSETCATALOG_COMPILER_APPICON_NAME = AppIcon;
				ASSETCATALOG_COMPILER_GLOBAL_ACCENT_COLOR_NAME = AccentColor;
				CODE_SIGN_STYLE = Automatic;
				CURRENT_PROJECT_VERSION = 1;
				DEVELOPMENT_TEAM = 76P85BXFRK;
				ENABLE_USER_SCRIPT_SANDBOXING = NO;
				GENERATE_INFOPLIST_FILE = YES;
				INFOPLIST_FILE = GitHubRepositories/Resources/Info.plist;
				INFOPLIST_KEY_UIApplicationSupportsIndirectInputEvents = YES;
				INFOPLIST_KEY_UILaunchStoryboardName = LaunchScreen;
				INFOPLIST_KEY_UIMainStoryboardFile = "";
				INFOPLIST_KEY_UISupportedInterfaceOrientations_iPad = "UIInterfaceOrientationPortrait UIInterfaceOrientationPortraitUpsideDown UIInterfaceOrientationLandscapeLeft UIInterfaceOrientationLandscapeRight";
				INFOPLIST_KEY_UISupportedInterfaceOrientations_iPhone = "UIInterfaceOrientationPortrait UIInterfaceOrientationLandscapeLeft UIInterfaceOrientationLandscapeRight";
				LD_RUNPATH_SEARCH_PATHS = (
					"$(inherited)",
					"@executable_path/Frameworks",
				);
				MARKETING_VERSION = 1.0;
				PRODUCT_BUNDLE_IDENTIFIER = com.itsalhussein.GitHubRepositories;
				PRODUCT_NAME = "$(TARGET_NAME)";
				SWIFT_EMIT_LOC_STRINGS = YES;
				SWIFT_VERSION = 5.0;
				TARGETED_DEVICE_FAMILY = "1,2";
			};
			name = Release;
		};
		7E8270BB2AFE4F3D008D10FA /* Debug */ = {
			isa = XCBuildConfiguration;
			baseConfigurationReference = 00048D5A35E9113C6D48F818 /* Pods-GitHubRepositoriesTests.debug.xcconfig */;
			buildSettings = {
				ALWAYS_EMBED_SWIFT_STANDARD_LIBRARIES = YES;
				BUNDLE_LOADER = "$(TEST_HOST)";
				CLANG_ENABLE_MODULES = YES;
				CODE_SIGN_STYLE = Automatic;
				CURRENT_PROJECT_VERSION = 1;
				DEVELOPMENT_TEAM = 76P85BXFRK;
				GENERATE_INFOPLIST_FILE = YES;
				IPHONEOS_DEPLOYMENT_TARGET = 17.0;
				MARKETING_VERSION = 1.0;
				PRODUCT_BUNDLE_IDENTIFIER = com.itsalhussein.GitHubRepositoriesTests;
				PRODUCT_NAME = "$(TARGET_NAME)";
				SWIFT_EMIT_LOC_STRINGS = NO;
				SWIFT_OPTIMIZATION_LEVEL = "-Onone";
				SWIFT_VERSION = 5.0;
				TARGETED_DEVICE_FAMILY = "1,2";
				TEST_HOST = "$(BUILT_PRODUCTS_DIR)/GitHubRepositories.app/$(BUNDLE_EXECUTABLE_FOLDER_PATH)/GitHubRepositories";
			};
			name = Debug;
		};
		7E8270BC2AFE4F3D008D10FA /* Release */ = {
			isa = XCBuildConfiguration;
			baseConfigurationReference = 53633EBD63E39CA54FFD3324 /* Pods-GitHubRepositoriesTests.release.xcconfig */;
			buildSettings = {
				ALWAYS_EMBED_SWIFT_STANDARD_LIBRARIES = YES;
				BUNDLE_LOADER = "$(TEST_HOST)";
				CLANG_ENABLE_MODULES = YES;
				CODE_SIGN_STYLE = Automatic;
				CURRENT_PROJECT_VERSION = 1;
				DEVELOPMENT_TEAM = 76P85BXFRK;
				GENERATE_INFOPLIST_FILE = YES;
				IPHONEOS_DEPLOYMENT_TARGET = 17.0;
				MARKETING_VERSION = 1.0;
				PRODUCT_BUNDLE_IDENTIFIER = com.itsalhussein.GitHubRepositoriesTests;
				PRODUCT_NAME = "$(TARGET_NAME)";
				SWIFT_EMIT_LOC_STRINGS = NO;
				SWIFT_VERSION = 5.0;
				TARGETED_DEVICE_FAMILY = "1,2";
				TEST_HOST = "$(BUILT_PRODUCTS_DIR)/GitHubRepositories.app/$(BUNDLE_EXECUTABLE_FOLDER_PATH)/GitHubRepositories";
			};
			name = Release;
		};
/* End XCBuildConfiguration section */

/* Begin XCConfigurationList section */
		7E8270882AFE4F3B008D10FA /* Build configuration list for PBXProject "GitHubRepositories" */ = {
			isa = XCConfigurationList;
			buildConfigurations = (
				7E8270B52AFE4F3D008D10FA /* Debug */,
				7E8270B62AFE4F3D008D10FA /* Release */,
			);
			defaultConfigurationIsVisible = 0;
			defaultConfigurationName = Release;
		};
		7E8270B72AFE4F3D008D10FA /* Build configuration list for PBXNativeTarget "GitHubRepositories" */ = {
			isa = XCConfigurationList;
			buildConfigurations = (
				7E8270B82AFE4F3D008D10FA /* Debug */,
				7E8270B92AFE4F3D008D10FA /* Release */,
			);
			defaultConfigurationIsVisible = 0;
			defaultConfigurationName = Release;
		};
		7E8270BA2AFE4F3D008D10FA /* Build configuration list for PBXNativeTarget "GitHubRepositoriesTests" */ = {
			isa = XCConfigurationList;
			buildConfigurations = (
				7E8270BB2AFE4F3D008D10FA /* Debug */,
				7E8270BC2AFE4F3D008D10FA /* Release */,
			);
			defaultConfigurationIsVisible = 0;
			defaultConfigurationName = Release;
		};
/* End XCConfigurationList section */
	};
	rootObject = 7E8270852AFE4F3B008D10FA /* Project object */;
}
